
Microsoft Visual Studio Solution File, Format Version 12.00
# Visual Studio Version 16
VisualStudioVersion = 16.0.33130.400
MinimumVisualStudioVersion = 10.0.40219.1
Project("{FAE04EC0-301F-11D3-BF4B-00C04F79EFBC}") = "luyen tap", "luyen tap\luyen tap.csproj", "{621DB18F-8263-490F-A423-27841D8D9004}"
EndProject
Global
	GlobalSection(SolutionConfigurationPlatforms) = preSolution
		Debug|Any CPU = Debug|Any CPU
		Release|Any CPU = Release|Any CPU
	EndGlobalSection
	GlobalSection(ProjectConfigurationPlatforms) = postSolution
		{621DB18F-8263-490F-A423-27841D8D9004}.Debug|Any CPU.ActiveCfg = Debug|Any CPU
		{621DB18F-8263-490F-A423-27841D8D9004}.Debug|Any CPU.Build.0 = Debug|Any CPU
		{621DB18F-8263-490F-A423-27841D8D9004}.Release|Any CPU.ActiveCfg = Release|Any CPU
		{621DB18F-8263-490F-A423-27841D8D9004}.Release|Any CPU.Build.0 = Release|Any CPU
	EndGlobalSection
	GlobalSection(SolutionProperties) = preSolution
		HideSolutionNode = FALSE
	EndGlobalSection
	GlobalSection(ExtensibilityGlobals) = postSolution
		SolutionGuid = {60600792-6A29-4BA4-B9A1-B8555D725EF6}
	EndGlobalSection
EndGlobal
