
Microsoft Visual Studio Solution File, Format Version 12.00
# Visual Studio Version 17
VisualStudioVersion = 17.3.32901.215
MinimumVisualStudioVersion = 10.0.40219.1
Project("{FAE04EC0-301F-11D3-BF4B-00C04F79EFBC}") = "Bai1", "Bai1\Bai1.csproj", "{AFB215D4-560D-46E0-AA5C-57546C7CBBDE}"
EndProject
Global
	GlobalSection(SolutionConfigurationPlatforms) = preSolution
		Debug|Any CPU = Debug|Any CPU
		Release|Any CPU = Release|Any CPU
	EndGlobalSection
	GlobalSection(ProjectConfigurationPlatforms) = postSolution
		{AFB215D4-560D-46E0-AA5C-57546C7CBBDE}.Debug|Any CPU.ActiveCfg = Debug|Any CPU
		{AFB215D4-560D-46E0-AA5C-57546C7CBBDE}.Debug|Any CPU.Build.0 = Debug|Any CPU
		{AFB215D4-560D-46E0-AA5C-57546C7CBBDE}.Release|Any CPU.ActiveCfg = Release|Any CPU
		{AFB215D4-560D-46E0-AA5C-57546C7CBBDE}.Release|Any CPU.Build.0 = Release|Any CPU
	EndGlobalSection
	GlobalSection(SolutionProperties) = preSolution
		HideSolutionNode = FALSE
	EndGlobalSection
	GlobalSection(ExtensibilityGlobals) = postSolution
		SolutionGuid = {98C94110-42BC-4450-9644-40C07EC44919}
	EndGlobalSection
EndGlobal
