
Microsoft Visual Studio Solution File, Format Version 12.00
# Visual Studio Version 16
VisualStudioVersion = 16.0.33130.400
MinimumVisualStudioVersion = 10.0.40219.1
Project("{FAE04EC0-301F-11D3-BF4B-00C04F79EFBC}") = "luyen tap thi 1", "luyen tap thi 1\luyen tap thi 1.csproj", "{C40B427B-A784-4E63-BFB0-FF5B1719AED9}"
EndProject
Global
	GlobalSection(SolutionConfigurationPlatforms) = preSolution
		Debug|Any CPU = Debug|Any CPU
		Release|Any CPU = Release|Any CPU
	EndGlobalSection
	GlobalSection(ProjectConfigurationPlatforms) = postSolution
		{C40B427B-A784-4E63-BFB0-FF5B1719AED9}.Debug|Any CPU.ActiveCfg = Debug|Any CPU
		{C40B427B-A784-4E63-BFB0-FF5B1719AED9}.Debug|Any CPU.Build.0 = Debug|Any CPU
		{C40B427B-A784-4E63-BFB0-FF5B1719AED9}.Release|Any CPU.ActiveCfg = Release|Any CPU
		{C40B427B-A784-4E63-BFB0-FF5B1719AED9}.Release|Any CPU.Build.0 = Release|Any CPU
	EndGlobalSection
	GlobalSection(SolutionProperties) = preSolution
		HideSolutionNode = FALSE
	EndGlobalSection
	GlobalSection(ExtensibilityGlobals) = postSolution
		SolutionGuid = {B9E3ABF3-CD05-4321-8C44-DE71FB567D06}
	EndGlobalSection
EndGlobal
