
Microsoft Visual Studio Solution File, Format Version 12.00
# Visual Studio Version 17
VisualStudioVersion = 17.4.33205.214
MinimumVisualStudioVersion = 10.0.40219.1
Project("{FAE04EC0-301F-11D3-BF4B-00C04F79EFBC}") = "onthi2", "onthi2\onthi2.csproj", "{6604E7E6-F1E8-499F-8655-BDC861BCC06A}"
EndProject
Global
	GlobalSection(SolutionConfigurationPlatforms) = preSolution
		Debug|Any CPU = Debug|Any CPU
		Release|Any CPU = Release|Any CPU
	EndGlobalSection
	GlobalSection(ProjectConfigurationPlatforms) = postSolution
		{6604E7E6-F1E8-499F-8655-BDC861BCC06A}.Debug|Any CPU.ActiveCfg = Debug|Any CPU
		{6604E7E6-F1E8-499F-8655-BDC861BCC06A}.Debug|Any CPU.Build.0 = Debug|Any CPU
		{6604E7E6-F1E8-499F-8655-BDC861BCC06A}.Release|Any CPU.ActiveCfg = Release|Any CPU
		{6604E7E6-F1E8-499F-8655-BDC861BCC06A}.Release|Any CPU.Build.0 = Release|Any CPU
	EndGlobalSection
	GlobalSection(SolutionProperties) = preSolution
		HideSolutionNode = FALSE
	EndGlobalSection
	GlobalSection(ExtensibilityGlobals) = postSolution
		SolutionGuid = {E66CEA7C-3B8E-47EB-8468-B366EB1D550C}
	EndGlobalSection
EndGlobal
