
Microsoft Visual Studio Solution File, Format Version 12.00
# Visual Studio Version 17
VisualStudioVersion = 17.3.32901.215
MinimumVisualStudioVersion = 10.0.40219.1
Project("{FAE04EC0-301F-11D3-BF4B-00C04F79EFBC}") = "Luyentap1", "Luyentap1\Luyentap1.csproj", "{2C66C6F3-821D-4CE1-9B36-4289AD6AF3A4}"
EndProject
Global
	GlobalSection(SolutionConfigurationPlatforms) = preSolution
		Debug|Any CPU = Debug|Any CPU
		Release|Any CPU = Release|Any CPU
	EndGlobalSection
	GlobalSection(ProjectConfigurationPlatforms) = postSolution
		{2C66C6F3-821D-4CE1-9B36-4289AD6AF3A4}.Debug|Any CPU.ActiveCfg = Debug|Any CPU
		{2C66C6F3-821D-4CE1-9B36-4289AD6AF3A4}.Debug|Any CPU.Build.0 = Debug|Any CPU
		{2C66C6F3-821D-4CE1-9B36-4289AD6AF3A4}.Release|Any CPU.ActiveCfg = Release|Any CPU
		{2C66C6F3-821D-4CE1-9B36-4289AD6AF3A4}.Release|Any CPU.Build.0 = Release|Any CPU
	EndGlobalSection
	GlobalSection(SolutionProperties) = preSolution
		HideSolutionNode = FALSE
	EndGlobalSection
	GlobalSection(ExtensibilityGlobals) = postSolution
		SolutionGuid = {95542F8D-895C-4A99-8D2B-B3B1509FC4DE}
	EndGlobalSection
EndGlobal
