
Microsoft Visual Studio Solution File, Format Version 12.00
# Visual Studio Version 17
VisualStudioVersion = 17.3.32901.215
MinimumVisualStudioVersion = 10.0.40219.1
Project("{FAE04EC0-301F-11D3-BF4B-00C04F79EFBC}") = "bai7", "bai7\bai7.csproj", "{9980951F-9BF4-4C12-AC82-23C3549956D9}"
EndProject
Global
	GlobalSection(SolutionConfigurationPlatforms) = preSolution
		Debug|Any CPU = Debug|Any CPU
		Release|Any CPU = Release|Any CPU
	EndGlobalSection
	GlobalSection(ProjectConfigurationPlatforms) = postSolution
		{9980951F-9BF4-4C12-AC82-23C3549956D9}.Debug|Any CPU.ActiveCfg = Debug|Any CPU
		{9980951F-9BF4-4C12-AC82-23C3549956D9}.Debug|Any CPU.Build.0 = Debug|Any CPU
		{9980951F-9BF4-4C12-AC82-23C3549956D9}.Release|Any CPU.ActiveCfg = Release|Any CPU
		{9980951F-9BF4-4C12-AC82-23C3549956D9}.Release|Any CPU.Build.0 = Release|Any CPU
	EndGlobalSection
	GlobalSection(SolutionProperties) = preSolution
		HideSolutionNode = FALSE
	EndGlobalSection
	GlobalSection(ExtensibilityGlobals) = postSolution
		SolutionGuid = {9448C4B0-A9CE-46B1-9F8F-3F2ABEAC4B2A}
	EndGlobalSection
EndGlobal
