
Microsoft Visual Studio Solution File, Format Version 12.00
# Visual Studio Version 17
VisualStudioVersion = 17.4.33205.214
MinimumVisualStudioVersion = 10.0.40219.1
Project("{9A19103F-16F7-4668-BE54-9A1E7A4F7556}") = "onthi1", "onthi1\onthi1.csproj", "{D83C1840-2B39-4890-8F5F-6AAFD1B2C198}"
EndProject
Global
	GlobalSection(SolutionConfigurationPlatforms) = preSolution
		Debug|Any CPU = Debug|Any CPU
		Release|Any CPU = Release|Any CPU
	EndGlobalSection
	GlobalSection(ProjectConfigurationPlatforms) = postSolution
		{D83C1840-2B39-4890-8F5F-6AAFD1B2C198}.Debug|Any CPU.ActiveCfg = Debug|Any CPU
		{D83C1840-2B39-4890-8F5F-6AAFD1B2C198}.Debug|Any CPU.Build.0 = Debug|Any CPU
		{D83C1840-2B39-4890-8F5F-6AAFD1B2C198}.Release|Any CPU.ActiveCfg = Release|Any CPU
		{D83C1840-2B39-4890-8F5F-6AAFD1B2C198}.Release|Any CPU.Build.0 = Release|Any CPU
	EndGlobalSection
	GlobalSection(SolutionProperties) = preSolution
		HideSolutionNode = FALSE
	EndGlobalSection
	GlobalSection(ExtensibilityGlobals) = postSolution
		SolutionGuid = {A9DEE9E3-2C14-4D7B-8F8D-5C4DD74148E4}
	EndGlobalSection
EndGlobal
