
Microsoft Visual Studio Solution File, Format Version 12.00
# Visual Studio Version 17
VisualStudioVersion = 17.3.32901.215
MinimumVisualStudioVersion = 10.0.40219.1
Project("{FAE04EC0-301F-11D3-BF4B-00C04F79EFBC}") = "ontap2", "ontap2\ontap2.csproj", "{7DD4B8AC-8E9A-46FF-AE99-E4B383490BED}"
EndProject
Global
	GlobalSection(SolutionConfigurationPlatforms) = preSolution
		Debug|Any CPU = Debug|Any CPU
		Release|Any CPU = Release|Any CPU
	EndGlobalSection
	GlobalSection(ProjectConfigurationPlatforms) = postSolution
		{7DD4B8AC-8E9A-46FF-AE99-E4B383490BED}.Debug|Any CPU.ActiveCfg = Debug|Any CPU
		{7DD4B8AC-8E9A-46FF-AE99-E4B383490BED}.Debug|Any CPU.Build.0 = Debug|Any CPU
		{7DD4B8AC-8E9A-46FF-AE99-E4B383490BED}.Release|Any CPU.ActiveCfg = Release|Any CPU
		{7DD4B8AC-8E9A-46FF-AE99-E4B383490BED}.Release|Any CPU.Build.0 = Release|Any CPU
	EndGlobalSection
	GlobalSection(SolutionProperties) = preSolution
		HideSolutionNode = FALSE
	EndGlobalSection
	GlobalSection(ExtensibilityGlobals) = postSolution
		SolutionGuid = {40B2B08B-877F-45C8-A855-15A51C2945C1}
	EndGlobalSection
EndGlobal
