
Microsoft Visual Studio Solution File, Format Version 12.00
# Visual Studio Version 17
VisualStudioVersion = 17.3.32901.215
MinimumVisualStudioVersion = 10.0.40219.1
Project("{FAE04EC0-301F-11D3-BF4B-00C04F79EFBC}") = "thuchanh", "thuchanh\thuchanh.csproj", "{1405066F-CBC7-4BC5-A3FE-8DD12DF0A372}"
EndProject
Global
	GlobalSection(SolutionConfigurationPlatforms) = preSolution
		Debug|Any CPU = Debug|Any CPU
		Release|Any CPU = Release|Any CPU
	EndGlobalSection
	GlobalSection(ProjectConfigurationPlatforms) = postSolution
		{1405066F-CBC7-4BC5-A3FE-8DD12DF0A372}.Debug|Any CPU.ActiveCfg = Debug|Any CPU
		{1405066F-CBC7-4BC5-A3FE-8DD12DF0A372}.Debug|Any CPU.Build.0 = Debug|Any CPU
		{1405066F-CBC7-4BC5-A3FE-8DD12DF0A372}.Release|Any CPU.ActiveCfg = Release|Any CPU
		{1405066F-CBC7-4BC5-A3FE-8DD12DF0A372}.Release|Any CPU.Build.0 = Release|Any CPU
	EndGlobalSection
	GlobalSection(SolutionProperties) = preSolution
		HideSolutionNode = FALSE
	EndGlobalSection
	GlobalSection(ExtensibilityGlobals) = postSolution
		SolutionGuid = {161450EF-2D5E-44B3-9612-2D6DC0FB0002}
	EndGlobalSection
EndGlobal
