
Microsoft Visual Studio Solution File, Format Version 12.00
# Visual Studio Version 17
VisualStudioVersion = 17.3.32901.215
MinimumVisualStudioVersion = 10.0.40219.1
Project("{FAE04EC0-301F-11D3-BF4B-00C04F79EFBC}") = "bai2", "bai2\bai2.csproj", "{9EE770D0-CE64-47C5-A011-7735DDD21F9B}"
EndProject
Global
	GlobalSection(SolutionConfigurationPlatforms) = preSolution
		Debug|Any CPU = Debug|Any CPU
		Release|Any CPU = Release|Any CPU
	EndGlobalSection
	GlobalSection(ProjectConfigurationPlatforms) = postSolution
		{9EE770D0-CE64-47C5-A011-7735DDD21F9B}.Debug|Any CPU.ActiveCfg = Debug|Any CPU
		{9EE770D0-CE64-47C5-A011-7735DDD21F9B}.Debug|Any CPU.Build.0 = Debug|Any CPU
		{9EE770D0-CE64-47C5-A011-7735DDD21F9B}.Release|Any CPU.ActiveCfg = Release|Any CPU
		{9EE770D0-CE64-47C5-A011-7735DDD21F9B}.Release|Any CPU.Build.0 = Release|Any CPU
	EndGlobalSection
	GlobalSection(SolutionProperties) = preSolution
		HideSolutionNode = FALSE
	EndGlobalSection
	GlobalSection(ExtensibilityGlobals) = postSolution
		SolutionGuid = {2CCE8A4B-F123-4229-B618-444550C87DEF}
	EndGlobalSection
EndGlobal
