
Microsoft Visual Studio Solution File, Format Version 12.00
# Visual Studio Version 17
VisualStudioVersion = 17.3.32901.215
MinimumVisualStudioVersion = 10.0.40219.1
Project("{FAE04EC0-301F-11D3-BF4B-00C04F79EFBC}") = "bai2", "bai2\bai2.csproj", "{A9680AFC-5386-461A-9A20-74AC3F27E3CB}"
EndProject
Global
	GlobalSection(SolutionConfigurationPlatforms) = preSolution
		Debug|Any CPU = Debug|Any CPU
		Release|Any CPU = Release|Any CPU
	EndGlobalSection
	GlobalSection(ProjectConfigurationPlatforms) = postSolution
		{A9680AFC-5386-461A-9A20-74AC3F27E3CB}.Debug|Any CPU.ActiveCfg = Debug|Any CPU
		{A9680AFC-5386-461A-9A20-74AC3F27E3CB}.Debug|Any CPU.Build.0 = Debug|Any CPU
		{A9680AFC-5386-461A-9A20-74AC3F27E3CB}.Release|Any CPU.ActiveCfg = Release|Any CPU
		{A9680AFC-5386-461A-9A20-74AC3F27E3CB}.Release|Any CPU.Build.0 = Release|Any CPU
	EndGlobalSection
	GlobalSection(SolutionProperties) = preSolution
		HideSolutionNode = FALSE
	EndGlobalSection
	GlobalSection(ExtensibilityGlobals) = postSolution
		SolutionGuid = {F961E26D-5F06-45F7-A397-9D33EF9DEB72}
	EndGlobalSection
EndGlobal
