
Microsoft Visual Studio Solution File, Format Version 12.00
# Visual Studio Version 17
VisualStudioVersion = 17.3.32922.545
MinimumVisualStudioVersion = 10.0.40219.1
Project("{FAE04EC0-301F-11D3-BF4B-00C04F79EFBC}") = "QLSanPham", "QLSanPham.csproj", "{9E7DDA5A-392C-4CBC-A29F-0DD8B37D0BB0}"
EndProject
Global
	GlobalSection(SolutionConfigurationPlatforms) = preSolution
		Debug|Any CPU = Debug|Any CPU
		Release|Any CPU = Release|Any CPU
	EndGlobalSection
	GlobalSection(ProjectConfigurationPlatforms) = postSolution
		{9E7DDA5A-392C-4CBC-A29F-0DD8B37D0BB0}.Debug|Any CPU.ActiveCfg = Debug|Any CPU
		{9E7DDA5A-392C-4CBC-A29F-0DD8B37D0BB0}.Debug|Any CPU.Build.0 = Debug|Any CPU
		{9E7DDA5A-392C-4CBC-A29F-0DD8B37D0BB0}.Release|Any CPU.ActiveCfg = Release|Any CPU
		{9E7DDA5A-392C-4CBC-A29F-0DD8B37D0BB0}.Release|Any CPU.Build.0 = Release|Any CPU
	EndGlobalSection
	GlobalSection(SolutionProperties) = preSolution
		HideSolutionNode = FALSE
	EndGlobalSection
	GlobalSection(ExtensibilityGlobals) = postSolution
		SolutionGuid = {A63D2CB9-CADD-488F-82BC-8631BE53110B}
	EndGlobalSection
EndGlobal
