
Microsoft Visual Studio Solution File, Format Version 12.00
# Visual Studio Version 17
VisualStudioVersion = 17.3.32901.215
MinimumVisualStudioVersion = 10.0.40219.1
Project("{FAE04EC0-301F-11D3-BF4B-00C04F79EFBC}") = "luyentap1", "luyentap1\luyentap1.csproj", "{78B65CCD-F9F1-4412-94F9-AE6F13F0ACD8}"
EndProject
Global
	GlobalSection(SolutionConfigurationPlatforms) = preSolution
		Debug|Any CPU = Debug|Any CPU
		Release|Any CPU = Release|Any CPU
	EndGlobalSection
	GlobalSection(ProjectConfigurationPlatforms) = postSolution
		{78B65CCD-F9F1-4412-94F9-AE6F13F0ACD8}.Debug|Any CPU.ActiveCfg = Debug|Any CPU
		{78B65CCD-F9F1-4412-94F9-AE6F13F0ACD8}.Debug|Any CPU.Build.0 = Debug|Any CPU
		{78B65CCD-F9F1-4412-94F9-AE6F13F0ACD8}.Release|Any CPU.ActiveCfg = Release|Any CPU
		{78B65CCD-F9F1-4412-94F9-AE6F13F0ACD8}.Release|Any CPU.Build.0 = Release|Any CPU
	EndGlobalSection
	GlobalSection(SolutionProperties) = preSolution
		HideSolutionNode = FALSE
	EndGlobalSection
	GlobalSection(ExtensibilityGlobals) = postSolution
		SolutionGuid = {9F5CE269-7A65-4CAA-A774-61ED0631FE9D}
	EndGlobalSection
EndGlobal
